
Microsoft Visual Studio Solution File, Format Version 12.00
# Visual Studio Version 16
VisualStudioVersion = 16.0.30011.22
MinimumVisualStudioVersion = 10.0.40219.1
Project("{2150E333-8FDC-42A3-9474-1A3956D46DE8}") = "src", "src", "{026576CA-B32B-4DCF-B4DE-6C3D5FFFA3FF}"
EndProject
Project("{9A19103F-16F7-4668-BE54-9A1E7A4F7556}") = "WindowsFormsApp", "src\WindowsFormsApp\WindowsFormsApp.csproj", "{5212CD0C-97F0-4051-A710-E44B040536DF}"
EndProject
Project("{2150E333-8FDC-42A3-9474-1A3956D46DE8}") = "frameworks", "frameworks", "{4E9B0D66-DE9E-42A0-92DC-1DE46A522D43}"
EndProject
Project("{9A19103F-16F7-4668-BE54-9A1E7A4F7556}") = "Riven", "..\Framework\src\Riven\Riven.csproj", "{48549A80-A863-47F5-ACC6-CC4C86CE3582}"
EndProject
Project("{9A19103F-16F7-4668-BE54-9A1E7A4F7556}") = "Riven.Domain", "..\Framework\src\Riven.Domain\Riven.Domain.csproj", "{D3D23361-37CA-4106-9DEC-BB0B80A4317D}"
EndProject
Project("{9A19103F-16F7-4668-BE54-9A1E7A4F7556}") = "Riven.UnitOfWork", "..\Framework\src\Riven.UnitOfWork\Riven.UnitOfWork.csproj", "{FECB4BE7-E3A1-422C-B636-23006680B372}"
EndProject
Project("{9A19103F-16F7-4668-BE54-9A1E7A4F7556}") = "Riven.UnitOfWork.EntityFrameworkCore", "..\Framework\src\Riven.UnitOfWork.EntityFrameworkCore\Riven.UnitOfWork.EntityFrameworkCore.csproj", "{C4D8F6E1-71F3-4993-8D31-0BA264BBAADC}"
EndProject
Project("{FAE04EC0-301F-11D3-BF4B-00C04F79EFBC}") = "ExamplesCommon", "src\ExamplesCommon\ExamplesCommon.csproj", "{716CB0D6-7781-4385-A5E4-1251A7638544}"
EndProject
Global
	GlobalSection(SolutionConfigurationPlatforms) = preSolution
		Debug|Any CPU = Debug|Any CPU
		Release|Any CPU = Release|Any CPU
	EndGlobalSection
	GlobalSection(ProjectConfigurationPlatforms) = postSolution
		{5212CD0C-97F0-4051-A710-E44B040536DF}.Debug|Any CPU.ActiveCfg = Debug|Any CPU
		{5212CD0C-97F0-4051-A710-E44B040536DF}.Debug|Any CPU.Build.0 = Debug|Any CPU
		{5212CD0C-97F0-4051-A710-E44B040536DF}.Release|Any CPU.ActiveCfg = Release|Any CPU
		{5212CD0C-97F0-4051-A710-E44B040536DF}.Release|Any CPU.Build.0 = Release|Any CPU
		{48549A80-A863-47F5-ACC6-CC4C86CE3582}.Debug|Any CPU.ActiveCfg = Debug|Any CPU
		{48549A80-A863-47F5-ACC6-CC4C86CE3582}.Debug|Any CPU.Build.0 = Debug|Any CPU
		{48549A80-A863-47F5-ACC6-CC4C86CE3582}.Release|Any CPU.ActiveCfg = Release|Any CPU
		{48549A80-A863-47F5-ACC6-CC4C86CE3582}.Release|Any CPU.Build.0 = Release|Any CPU
		{D3D23361-37CA-4106-9DEC-BB0B80A4317D}.Debug|Any CPU.ActiveCfg = Debug|Any CPU
		{D3D23361-37CA-4106-9DEC-BB0B80A4317D}.Debug|Any CPU.Build.0 = Debug|Any CPU
		{D3D23361-37CA-4106-9DEC-BB0B80A4317D}.Release|Any CPU.ActiveCfg = Release|Any CPU
		{D3D23361-37CA-4106-9DEC-BB0B80A4317D}.Release|Any CPU.Build.0 = Release|Any CPU
		{FECB4BE7-E3A1-422C-B636-23006680B372}.Debug|Any CPU.ActiveCfg = Debug|Any CPU
		{FECB4BE7-E3A1-422C-B636-23006680B372}.Debug|Any CPU.Build.0 = Debug|Any CPU
		{FECB4BE7-E3A1-422C-B636-23006680B372}.Release|Any CPU.ActiveCfg = Release|Any CPU
		{FECB4BE7-E3A1-422C-B636-23006680B372}.Release|Any CPU.Build.0 = Release|Any CPU
		{C4D8F6E1-71F3-4993-8D31-0BA264BBAADC}.Debug|Any CPU.ActiveCfg = Debug|Any CPU
		{C4D8F6E1-71F3-4993-8D31-0BA264BBAADC}.Debug|Any CPU.Build.0 = Debug|Any CPU
		{C4D8F6E1-71F3-4993-8D31-0BA264BBAADC}.Release|Any CPU.ActiveCfg = Release|Any CPU
		{C4D8F6E1-71F3-4993-8D31-0BA264BBAADC}.Release|Any CPU.Build.0 = Release|Any CPU
		{716CB0D6-7781-4385-A5E4-1251A7638544}.Debug|Any CPU.ActiveCfg = Debug|Any CPU
		{716CB0D6-7781-4385-A5E4-1251A7638544}.Debug|Any CPU.Build.0 = Debug|Any CPU
		{716CB0D6-7781-4385-A5E4-1251A7638544}.Release|Any CPU.ActiveCfg = Release|Any CPU
		{716CB0D6-7781-4385-A5E4-1251A7638544}.Release|Any CPU.Build.0 = Release|Any CPU
	EndGlobalSection
	GlobalSection(SolutionProperties) = preSolution
		HideSolutionNode = FALSE
	EndGlobalSection
	GlobalSection(NestedProjects) = preSolution
		{5212CD0C-97F0-4051-A710-E44B040536DF} = {026576CA-B32B-4DCF-B4DE-6C3D5FFFA3FF}
		{48549A80-A863-47F5-ACC6-CC4C86CE3582} = {4E9B0D66-DE9E-42A0-92DC-1DE46A522D43}
		{D3D23361-37CA-4106-9DEC-BB0B80A4317D} = {4E9B0D66-DE9E-42A0-92DC-1DE46A522D43}
		{FECB4BE7-E3A1-422C-B636-23006680B372} = {4E9B0D66-DE9E-42A0-92DC-1DE46A522D43}
		{C4D8F6E1-71F3-4993-8D31-0BA264BBAADC} = {4E9B0D66-DE9E-42A0-92DC-1DE46A522D43}
		{716CB0D6-7781-4385-A5E4-1251A7638544} = {026576CA-B32B-4DCF-B4DE-6C3D5FFFA3FF}
	EndGlobalSection
	GlobalSection(ExtensibilityGlobals) = postSolution
		SolutionGuid = {BF30061E-7DAD-429A-A966-BBBD9739BEB7}
	EndGlobalSection
EndGlobal
